
Microsoft Visual Studio Solution File, Format Version 12.00
# Visual Studio Version 17
VisualStudioVersion = 17.0.32126.317
MinimumVisualStudioVersion = 10.0.40219.1
Project("{FAE04EC0-301F-11D3-BF4B-00C04F79EFBC}") = "BankAPI", "BankAPI.csproj", "{80170C6D-DB7B-411D-A320-7ED1E8A50903}"
EndProject
Global
	GlobalSection(SolutionConfigurationPlatforms) = preSolution
		Debug|Any CPU = Debug|Any CPU
		Release|Any CPU = Release|Any CPU
	EndGlobalSection
	GlobalSection(ProjectConfigurationPlatforms) = postSolution
		{80170C6D-DB7B-411D-A320-7ED1E8A50903}.Debug|Any CPU.ActiveCfg = Debug|Any CPU
		{80170C6D-DB7B-411D-A320-7ED1E8A50903}.Debug|Any CPU.Build.0 = Debug|Any CPU
		{80170C6D-DB7B-411D-A320-7ED1E8A50903}.Release|Any CPU.ActiveCfg = Release|Any CPU
		{80170C6D-DB7B-411D-A320-7ED1E8A50903}.Release|Any CPU.Build.0 = Release|Any CPU
	EndGlobalSection
	GlobalSection(SolutionProperties) = preSolution
		HideSolutionNode = FALSE
	EndGlobalSection
	GlobalSection(ExtensibilityGlobals) = postSolution
		SolutionGuid = {82F88D73-74EE-49BE-AF6E-1000AACCCC21}
	EndGlobalSection
EndGlobal
